
Microsoft Visual Studio Solution File, Format Version 12.00
# Visual Studio Version 17
VisualStudioVersion = 17.7.34018.315
MinimumVisualStudioVersion = 10.0.40219.1
Project("{9A19103F-16F7-4668-BE54-9A1E7A4F7556}") = "Dominio", "Dominio\Dominio.csproj", "{13D7B660-D042-4D6D-8BA5-72927DD7BCFC}"
EndProject
Project("{9A19103F-16F7-4668-BE54-9A1E7A4F7556}") = "Consola", "Consola\Consola.csproj", "{B2856442-2C38-4132-B190-53AC91FE5716}"
EndProject
Project("{9A19103F-16F7-4668-BE54-9A1E7A4F7556}") = "MVC", "MVC\MVC.csproj", "{4DAE8D34-823B-41AE-9DA2-EB0654FCC77A}"
EndProject
Global
	GlobalSection(SolutionConfigurationPlatforms) = preSolution
		Debug|Any CPU = Debug|Any CPU
		Release|Any CPU = Release|Any CPU
	EndGlobalSection
	GlobalSection(ProjectConfigurationPlatforms) = postSolution
		{13D7B660-D042-4D6D-8BA5-72927DD7BCFC}.Debug|Any CPU.ActiveCfg = Debug|Any CPU
		{13D7B660-D042-4D6D-8BA5-72927DD7BCFC}.Debug|Any CPU.Build.0 = Debug|Any CPU
		{13D7B660-D042-4D6D-8BA5-72927DD7BCFC}.Release|Any CPU.ActiveCfg = Release|Any CPU
		{13D7B660-D042-4D6D-8BA5-72927DD7BCFC}.Release|Any CPU.Build.0 = Release|Any CPU
		{B2856442-2C38-4132-B190-53AC91FE5716}.Debug|Any CPU.ActiveCfg = Debug|Any CPU
		{B2856442-2C38-4132-B190-53AC91FE5716}.Debug|Any CPU.Build.0 = Debug|Any CPU
		{B2856442-2C38-4132-B190-53AC91FE5716}.Release|Any CPU.ActiveCfg = Release|Any CPU
		{B2856442-2C38-4132-B190-53AC91FE5716}.Release|Any CPU.Build.0 = Release|Any CPU
		{4DAE8D34-823B-41AE-9DA2-EB0654FCC77A}.Debug|Any CPU.ActiveCfg = Debug|Any CPU
		{4DAE8D34-823B-41AE-9DA2-EB0654FCC77A}.Debug|Any CPU.Build.0 = Debug|Any CPU
		{4DAE8D34-823B-41AE-9DA2-EB0654FCC77A}.Release|Any CPU.ActiveCfg = Release|Any CPU
		{4DAE8D34-823B-41AE-9DA2-EB0654FCC77A}.Release|Any CPU.Build.0 = Release|Any CPU
	EndGlobalSection
	GlobalSection(SolutionProperties) = preSolution
		HideSolutionNode = FALSE
	EndGlobalSection
	GlobalSection(ExtensibilityGlobals) = postSolution
		SolutionGuid = {BC2A419C-507D-4004-B434-C2488373E200}
	EndGlobalSection
EndGlobal
